
Microsoft Visual Studio Solution File, Format Version 12.00
# Visual Studio Version 17
VisualStudioVersion = 17.9.34511.98
MinimumVisualStudioVersion = 10.0.40219.1
Project("{FAE04EC0-301F-11D3-BF4B-00C04F79EFBC}") = "Assembly-CSharp", "Assembly-CSharp.csproj", "{91B32BB1-DAE8-58F1-3EC8-5379E0547FDF}"
EndProject
Project("{2150E333-8FDC-42A3-9474-1A3956D46DE8}") = "Solution Items", "Solution Items", "{C82AD968-EA84-459E-A891-7C241A9404FA}"
	ProjectSection(SolutionItems) = preProject
		TextFile1.txt = TextFile1.txt
	EndProjectSection
EndProject
Global
	GlobalSection(SolutionConfigurationPlatforms) = preSolution
		Debug|Any CPU = Debug|Any CPU
		Release|Any CPU = Release|Any CPU
	EndGlobalSection
	GlobalSection(ProjectConfigurationPlatforms) = postSolution
		{91B32BB1-DAE8-58F1-3EC8-5379E0547FDF}.Debug|Any CPU.ActiveCfg = Debug|Any CPU
		{91B32BB1-DAE8-58F1-3EC8-5379E0547FDF}.Debug|Any CPU.Build.0 = Debug|Any CPU
		{91B32BB1-DAE8-58F1-3EC8-5379E0547FDF}.Release|Any CPU.ActiveCfg = Release|Any CPU
		{91B32BB1-DAE8-58F1-3EC8-5379E0547FDF}.Release|Any CPU.Build.0 = Release|Any CPU
	EndGlobalSection
	GlobalSection(SolutionProperties) = preSolution
		HideSolutionNode = FALSE
	EndGlobalSection
EndGlobal
